
Microsoft Visual Studio Solution File, Format Version 12.00
# Visual Studio Version 17
VisualStudioVersion = 17.9.34723.18
MinimumVisualStudioVersion = 10.0.40219.1
Project("{9A19103F-16F7-4668-BE54-9A1E7A4F7556}") = "Core", "Core\Core.csproj", "{50CB32C1-E87B-4ACD-8165-1FBB1118A914}"
EndProject
Project("{9A19103F-16F7-4668-BE54-9A1E7A4F7556}") = "DataAccess", "DataAccess\DataAccess.csproj", "{8F1C6EBC-6AB4-4F1A-807F-1072B093BA0F}"
EndProject
Project("{9A19103F-16F7-4668-BE54-9A1E7A4F7556}") = "Entity", "Entity\Entity.csproj", "{5E0CA93E-2437-4E9E-A6A2-7C9E976B0FFC}"
EndProject
Project("{9A19103F-16F7-4668-BE54-9A1E7A4F7556}") = "Helpers", "Helpers\Helpers.csproj", "{3C1EE201-2CBA-4A61-8678-9D4DBEEAB3D3}"
EndProject
Project("{9A19103F-16F7-4668-BE54-9A1E7A4F7556}") = "Interfaces", "Interfaces\Interfaces.csproj", "{C688D57C-2416-4F40-B949-C546951379C6}"
EndProject
Project("{FAE04EC0-301F-11D3-BF4B-00C04F79EFBC}") = "UI.Wpf", "UI.Wpf\UI.Wpf.csproj", "{7285D473-A58D-4E90-B319-2F016B3A59FB}"
EndProject
Project("{FAE04EC0-301F-11D3-BF4B-00C04F79EFBC}") = "Services", "Services\Services.csproj", "{BA3F9AC0-CAE1-4525-8F29-406DDC2A8CBA}"
EndProject
Global
	GlobalSection(SolutionConfigurationPlatforms) = preSolution
		Debug|Any CPU = Debug|Any CPU
		Release|Any CPU = Release|Any CPU
	EndGlobalSection
	GlobalSection(ProjectConfigurationPlatforms) = postSolution
		{50CB32C1-E87B-4ACD-8165-1FBB1118A914}.Debug|Any CPU.ActiveCfg = Debug|Any CPU
		{50CB32C1-E87B-4ACD-8165-1FBB1118A914}.Debug|Any CPU.Build.0 = Debug|Any CPU
		{50CB32C1-E87B-4ACD-8165-1FBB1118A914}.Release|Any CPU.ActiveCfg = Release|Any CPU
		{50CB32C1-E87B-4ACD-8165-1FBB1118A914}.Release|Any CPU.Build.0 = Release|Any CPU
		{8F1C6EBC-6AB4-4F1A-807F-1072B093BA0F}.Debug|Any CPU.ActiveCfg = Debug|Any CPU
		{8F1C6EBC-6AB4-4F1A-807F-1072B093BA0F}.Debug|Any CPU.Build.0 = Debug|Any CPU
		{8F1C6EBC-6AB4-4F1A-807F-1072B093BA0F}.Release|Any CPU.ActiveCfg = Release|Any CPU
		{8F1C6EBC-6AB4-4F1A-807F-1072B093BA0F}.Release|Any CPU.Build.0 = Release|Any CPU
		{5E0CA93E-2437-4E9E-A6A2-7C9E976B0FFC}.Debug|Any CPU.ActiveCfg = Debug|Any CPU
		{5E0CA93E-2437-4E9E-A6A2-7C9E976B0FFC}.Debug|Any CPU.Build.0 = Debug|Any CPU
		{5E0CA93E-2437-4E9E-A6A2-7C9E976B0FFC}.Release|Any CPU.ActiveCfg = Release|Any CPU
		{5E0CA93E-2437-4E9E-A6A2-7C9E976B0FFC}.Release|Any CPU.Build.0 = Release|Any CPU
		{3C1EE201-2CBA-4A61-8678-9D4DBEEAB3D3}.Debug|Any CPU.ActiveCfg = Debug|Any CPU
		{3C1EE201-2CBA-4A61-8678-9D4DBEEAB3D3}.Debug|Any CPU.Build.0 = Debug|Any CPU
		{3C1EE201-2CBA-4A61-8678-9D4DBEEAB3D3}.Release|Any CPU.ActiveCfg = Release|Any CPU
		{3C1EE201-2CBA-4A61-8678-9D4DBEEAB3D3}.Release|Any CPU.Build.0 = Release|Any CPU
		{C688D57C-2416-4F40-B949-C546951379C6}.Debug|Any CPU.ActiveCfg = Debug|Any CPU
		{C688D57C-2416-4F40-B949-C546951379C6}.Debug|Any CPU.Build.0 = Debug|Any CPU
		{C688D57C-2416-4F40-B949-C546951379C6}.Release|Any CPU.ActiveCfg = Release|Any CPU
		{C688D57C-2416-4F40-B949-C546951379C6}.Release|Any CPU.Build.0 = Release|Any CPU
		{7285D473-A58D-4E90-B319-2F016B3A59FB}.Debug|Any CPU.ActiveCfg = Debug|Any CPU
		{7285D473-A58D-4E90-B319-2F016B3A59FB}.Debug|Any CPU.Build.0 = Debug|Any CPU
		{7285D473-A58D-4E90-B319-2F016B3A59FB}.Release|Any CPU.ActiveCfg = Release|Any CPU
		{7285D473-A58D-4E90-B319-2F016B3A59FB}.Release|Any CPU.Build.0 = Release|Any CPU
		{BA3F9AC0-CAE1-4525-8F29-406DDC2A8CBA}.Debug|Any CPU.ActiveCfg = Debug|Any CPU
		{BA3F9AC0-CAE1-4525-8F29-406DDC2A8CBA}.Debug|Any CPU.Build.0 = Debug|Any CPU
		{BA3F9AC0-CAE1-4525-8F29-406DDC2A8CBA}.Release|Any CPU.ActiveCfg = Release|Any CPU
		{BA3F9AC0-CAE1-4525-8F29-406DDC2A8CBA}.Release|Any CPU.Build.0 = Release|Any CPU
	EndGlobalSection
	GlobalSection(SolutionProperties) = preSolution
		HideSolutionNode = FALSE
	EndGlobalSection
	GlobalSection(ExtensibilityGlobals) = postSolution
		SolutionGuid = {81A632EC-8D52-4B30-8D00-901FA17BF013}
	EndGlobalSection
EndGlobal
